
Microsoft Visual Studio Solution File, Format Version 12.00
# Visual Studio 14
VisualStudioVersion = 14.0.23107.0
MinimumVisualStudioVersion = 10.0.40219.1
Project("{FAE04EC0-301F-11D3-BF4B-00C04F79EFBC}") = "BenchmarkXamarin", "BenchmarkXamarin\BenchmarkXamarin.csproj", "{2A8CF94B-530E-4189-949A-12C988EA1FF0}"
EndProject
Project("{FAE04EC0-301F-11D3-BF4B-00C04F79EFBC}") = "BenchmarkXamarin.Sample", "BenchmarkXamarin.Sample\BenchmarkXamarin.Sample\BenchmarkXamarin.Sample.csproj", "{6CCEADAF-3A8D-4BDA-B948-FFA56F1346CE}"
EndProject
Project("{FAE04EC0-301F-11D3-BF4B-00C04F79EFBC}") = "BenchmarkXamarin.Sample.iOS", "BenchmarkXamarin.Sample\BenchmarkXamarin.Sample.iOS\BenchmarkXamarin.Sample.iOS.csproj", "{835287F1-15DF-449A-ACCD-1C927CBC0637}"
EndProject
Project("{FAE04EC0-301F-11D3-BF4B-00C04F79EFBC}") = "BenchmarkXamarin.Sample.Droid", "BenchmarkXamarin.Sample\BenchmarkXamarin.Sample.Droid\BenchmarkXamarin.Sample.Droid.csproj", "{F79D1B50-D8CA-4C91-94DC-115A3399C194}"
EndProject
Project("{FAE04EC0-301F-11D3-BF4B-00C04F79EFBC}") = "BenchmarkXamarin.Benchmarks", "BenchmarkXamarin.Benchmarks\BenchmarkXamarin.Benchmarks.csproj", "{29D7F4E6-D9C1-4E66-AF0C-4392B2F6C63D}"
EndProject
Project("{2150E333-8FDC-42A3-9474-1A3956D46DE8}") = "Sample", "Sample", "{45BAF58D-B7E9-4061-8F69-07BF19BF60C7}"
EndProject
Project("{FAE04EC0-301F-11D3-BF4B-00C04F79EFBC}") = "BenchmarkXamarin.Sample.Console", "BenchmarkXamarin.Sample\BenchmarkXamarin.Sample.Console\BenchmarkXamarin.Sample.Console.csproj", "{A8FCC5A6-3E0A-4B3B-8342-5F2B200D55E6}"
EndProject
Global
	GlobalSection(SolutionConfigurationPlatforms) = preSolution
		Ad-Hoc|Any CPU = Ad-Hoc|Any CPU
		Ad-Hoc|iPhone = Ad-Hoc|iPhone
		Ad-Hoc|iPhoneSimulator = Ad-Hoc|iPhoneSimulator
		AppStore|Any CPU = AppStore|Any CPU
		AppStore|iPhone = AppStore|iPhone
		AppStore|iPhoneSimulator = AppStore|iPhoneSimulator
		Debug|Any CPU = Debug|Any CPU
		Debug|iPhone = Debug|iPhone
		Debug|iPhoneSimulator = Debug|iPhoneSimulator
		Release|Any CPU = Release|Any CPU
		Release|iPhone = Release|iPhone
		Release|iPhoneSimulator = Release|iPhoneSimulator
	EndGlobalSection
	GlobalSection(ProjectConfigurationPlatforms) = postSolution
		{2A8CF94B-530E-4189-949A-12C988EA1FF0}.Ad-Hoc|Any CPU.ActiveCfg = Release|Any CPU
		{2A8CF94B-530E-4189-949A-12C988EA1FF0}.Ad-Hoc|Any CPU.Build.0 = Release|Any CPU
		{2A8CF94B-530E-4189-949A-12C988EA1FF0}.Ad-Hoc|iPhone.ActiveCfg = Release|Any CPU
		{2A8CF94B-530E-4189-949A-12C988EA1FF0}.Ad-Hoc|iPhone.Build.0 = Release|Any CPU
		{2A8CF94B-530E-4189-949A-12C988EA1FF0}.Ad-Hoc|iPhoneSimulator.ActiveCfg = Release|Any CPU
		{2A8CF94B-530E-4189-949A-12C988EA1FF0}.Ad-Hoc|iPhoneSimulator.Build.0 = Release|Any CPU
		{2A8CF94B-530E-4189-949A-12C988EA1FF0}.AppStore|Any CPU.ActiveCfg = Release|Any CPU
		{2A8CF94B-530E-4189-949A-12C988EA1FF0}.AppStore|Any CPU.Build.0 = Release|Any CPU
		{2A8CF94B-530E-4189-949A-12C988EA1FF0}.AppStore|iPhone.ActiveCfg = Release|Any CPU
		{2A8CF94B-530E-4189-949A-12C988EA1FF0}.AppStore|iPhone.Build.0 = Release|Any CPU
		{2A8CF94B-530E-4189-949A-12C988EA1FF0}.AppStore|iPhoneSimulator.ActiveCfg = Release|Any CPU
		{2A8CF94B-530E-4189-949A-12C988EA1FF0}.AppStore|iPhoneSimulator.Build.0 = Release|Any CPU
		{2A8CF94B-530E-4189-949A-12C988EA1FF0}.Debug|Any CPU.ActiveCfg = Debug|Any CPU
		{2A8CF94B-530E-4189-949A-12C988EA1FF0}.Debug|Any CPU.Build.0 = Debug|Any CPU
		{2A8CF94B-530E-4189-949A-12C988EA1FF0}.Debug|iPhone.ActiveCfg = Debug|Any CPU
		{2A8CF94B-530E-4189-949A-12C988EA1FF0}.Debug|iPhone.Build.0 = Debug|Any CPU
		{2A8CF94B-530E-4189-949A-12C988EA1FF0}.Debug|iPhoneSimulator.ActiveCfg = Debug|Any CPU
		{2A8CF94B-530E-4189-949A-12C988EA1FF0}.Debug|iPhoneSimulator.Build.0 = Debug|Any CPU
		{2A8CF94B-530E-4189-949A-12C988EA1FF0}.Release|Any CPU.ActiveCfg = Release|Any CPU
		{2A8CF94B-530E-4189-949A-12C988EA1FF0}.Release|Any CPU.Build.0 = Release|Any CPU
		{2A8CF94B-530E-4189-949A-12C988EA1FF0}.Release|iPhone.ActiveCfg = Release|Any CPU
		{2A8CF94B-530E-4189-949A-12C988EA1FF0}.Release|iPhone.Build.0 = Release|Any CPU
		{2A8CF94B-530E-4189-949A-12C988EA1FF0}.Release|iPhoneSimulator.ActiveCfg = Release|Any CPU
		{2A8CF94B-530E-4189-949A-12C988EA1FF0}.Release|iPhoneSimulator.Build.0 = Release|Any CPU
		{6CCEADAF-3A8D-4BDA-B948-FFA56F1346CE}.Ad-Hoc|Any CPU.ActiveCfg = Release|Any CPU
		{6CCEADAF-3A8D-4BDA-B948-FFA56F1346CE}.Ad-Hoc|Any CPU.Build.0 = Release|Any CPU
		{6CCEADAF-3A8D-4BDA-B948-FFA56F1346CE}.Ad-Hoc|iPhone.ActiveCfg = Release|Any CPU
		{6CCEADAF-3A8D-4BDA-B948-FFA56F1346CE}.Ad-Hoc|iPhone.Build.0 = Release|Any CPU
		{6CCEADAF-3A8D-4BDA-B948-FFA56F1346CE}.Ad-Hoc|iPhoneSimulator.ActiveCfg = Release|Any CPU
		{6CCEADAF-3A8D-4BDA-B948-FFA56F1346CE}.Ad-Hoc|iPhoneSimulator.Build.0 = Release|Any CPU
		{6CCEADAF-3A8D-4BDA-B948-FFA56F1346CE}.AppStore|Any CPU.ActiveCfg = Release|Any CPU
		{6CCEADAF-3A8D-4BDA-B948-FFA56F1346CE}.AppStore|Any CPU.Build.0 = Release|Any CPU
		{6CCEADAF-3A8D-4BDA-B948-FFA56F1346CE}.AppStore|iPhone.ActiveCfg = Release|Any CPU
		{6CCEADAF-3A8D-4BDA-B948-FFA56F1346CE}.AppStore|iPhone.Build.0 = Release|Any CPU
		{6CCEADAF-3A8D-4BDA-B948-FFA56F1346CE}.AppStore|iPhoneSimulator.ActiveCfg = Release|Any CPU
		{6CCEADAF-3A8D-4BDA-B948-FFA56F1346CE}.AppStore|iPhoneSimulator.Build.0 = Release|Any CPU
		{6CCEADAF-3A8D-4BDA-B948-FFA56F1346CE}.Debug|Any CPU.ActiveCfg = Debug|Any CPU
		{6CCEADAF-3A8D-4BDA-B948-FFA56F1346CE}.Debug|Any CPU.Build.0 = Debug|Any CPU
		{6CCEADAF-3A8D-4BDA-B948-FFA56F1346CE}.Debug|iPhone.ActiveCfg = Debug|Any CPU
		{6CCEADAF-3A8D-4BDA-B948-FFA56F1346CE}.Debug|iPhone.Build.0 = Debug|Any CPU
		{6CCEADAF-3A8D-4BDA-B948-FFA56F1346CE}.Debug|iPhoneSimulator.ActiveCfg = Debug|Any CPU
		{6CCEADAF-3A8D-4BDA-B948-FFA56F1346CE}.Debug|iPhoneSimulator.Build.0 = Debug|Any CPU
		{6CCEADAF-3A8D-4BDA-B948-FFA56F1346CE}.Release|Any CPU.ActiveCfg = Release|Any CPU
		{6CCEADAF-3A8D-4BDA-B948-FFA56F1346CE}.Release|Any CPU.Build.0 = Release|Any CPU
		{6CCEADAF-3A8D-4BDA-B948-FFA56F1346CE}.Release|iPhone.ActiveCfg = Release|Any CPU
		{6CCEADAF-3A8D-4BDA-B948-FFA56F1346CE}.Release|iPhone.Build.0 = Release|Any CPU
		{6CCEADAF-3A8D-4BDA-B948-FFA56F1346CE}.Release|iPhoneSimulator.ActiveCfg = Release|Any CPU
		{6CCEADAF-3A8D-4BDA-B948-FFA56F1346CE}.Release|iPhoneSimulator.Build.0 = Release|Any CPU
		{835287F1-15DF-449A-ACCD-1C927CBC0637}.Ad-Hoc|Any CPU.ActiveCfg = Ad-Hoc|iPhone
		{835287F1-15DF-449A-ACCD-1C927CBC0637}.Ad-Hoc|iPhone.ActiveCfg = Ad-Hoc|iPhone
		{835287F1-15DF-449A-ACCD-1C927CBC0637}.Ad-Hoc|iPhone.Build.0 = Ad-Hoc|iPhone
		{835287F1-15DF-449A-ACCD-1C927CBC0637}.Ad-Hoc|iPhoneSimulator.ActiveCfg = Ad-Hoc|iPhoneSimulator
		{835287F1-15DF-449A-ACCD-1C927CBC0637}.Ad-Hoc|iPhoneSimulator.Build.0 = Ad-Hoc|iPhoneSimulator
		{835287F1-15DF-449A-ACCD-1C927CBC0637}.AppStore|Any CPU.ActiveCfg = AppStore|iPhone
		{835287F1-15DF-449A-ACCD-1C927CBC0637}.AppStore|iPhone.ActiveCfg = AppStore|iPhone
		{835287F1-15DF-449A-ACCD-1C927CBC0637}.AppStore|iPhone.Build.0 = AppStore|iPhone
		{835287F1-15DF-449A-ACCD-1C927CBC0637}.AppStore|iPhoneSimulator.ActiveCfg = AppStore|iPhoneSimulator
		{835287F1-15DF-449A-ACCD-1C927CBC0637}.AppStore|iPhoneSimulator.Build.0 = AppStore|iPhoneSimulator
		{835287F1-15DF-449A-ACCD-1C927CBC0637}.Debug|Any CPU.ActiveCfg = Debug|iPhone
		{835287F1-15DF-449A-ACCD-1C927CBC0637}.Debug|iPhone.ActiveCfg = Debug|iPhone
		{835287F1-15DF-449A-ACCD-1C927CBC0637}.Debug|iPhone.Build.0 = Debug|iPhone
		{835287F1-15DF-449A-ACCD-1C927CBC0637}.Debug|iPhoneSimulator.ActiveCfg = Debug|iPhoneSimulator
		{835287F1-15DF-449A-ACCD-1C927CBC0637}.Debug|iPhoneSimulator.Build.0 = Debug|iPhoneSimulator
		{835287F1-15DF-449A-ACCD-1C927CBC0637}.Release|Any CPU.ActiveCfg = Release|iPhone
		{835287F1-15DF-449A-ACCD-1C927CBC0637}.Release|iPhone.ActiveCfg = Release|iPhone
		{835287F1-15DF-449A-ACCD-1C927CBC0637}.Release|iPhone.Build.0 = Release|iPhone
		{835287F1-15DF-449A-ACCD-1C927CBC0637}.Release|iPhoneSimulator.ActiveCfg = Release|iPhoneSimulator
		{835287F1-15DF-449A-ACCD-1C927CBC0637}.Release|iPhoneSimulator.Build.0 = Release|iPhoneSimulator
		{F79D1B50-D8CA-4C91-94DC-115A3399C194}.Ad-Hoc|Any CPU.ActiveCfg = Release|Any CPU
		{F79D1B50-D8CA-4C91-94DC-115A3399C194}.Ad-Hoc|Any CPU.Build.0 = Release|Any CPU
		{F79D1B50-D8CA-4C91-94DC-115A3399C194}.Ad-Hoc|Any CPU.Deploy.0 = Release|Any CPU
		{F79D1B50-D8CA-4C91-94DC-115A3399C194}.Ad-Hoc|iPhone.ActiveCfg = Release|Any CPU
		{F79D1B50-D8CA-4C91-94DC-115A3399C194}.Ad-Hoc|iPhone.Build.0 = Release|Any CPU
		{F79D1B50-D8CA-4C91-94DC-115A3399C194}.Ad-Hoc|iPhone.Deploy.0 = Release|Any CPU
		{F79D1B50-D8CA-4C91-94DC-115A3399C194}.Ad-Hoc|iPhoneSimulator.ActiveCfg = Release|Any CPU
		{F79D1B50-D8CA-4C91-94DC-115A3399C194}.Ad-Hoc|iPhoneSimulator.Build.0 = Release|Any CPU
		{F79D1B50-D8CA-4C91-94DC-115A3399C194}.Ad-Hoc|iPhoneSimulator.Deploy.0 = Release|Any CPU
		{F79D1B50-D8CA-4C91-94DC-115A3399C194}.AppStore|Any CPU.ActiveCfg = Release|Any CPU
		{F79D1B50-D8CA-4C91-94DC-115A3399C194}.AppStore|Any CPU.Build.0 = Release|Any CPU
		{F79D1B50-D8CA-4C91-94DC-115A3399C194}.AppStore|Any CPU.Deploy.0 = Release|Any CPU
		{F79D1B50-D8CA-4C91-94DC-115A3399C194}.AppStore|iPhone.ActiveCfg = Release|Any CPU
		{F79D1B50-D8CA-4C91-94DC-115A3399C194}.AppStore|iPhone.Build.0 = Release|Any CPU
		{F79D1B50-D8CA-4C91-94DC-115A3399C194}.AppStore|iPhone.Deploy.0 = Release|Any CPU
		{F79D1B50-D8CA-4C91-94DC-115A3399C194}.AppStore|iPhoneSimulator.ActiveCfg = Release|Any CPU
		{F79D1B50-D8CA-4C91-94DC-115A3399C194}.AppStore|iPhoneSimulator.Build.0 = Release|Any CPU
		{F79D1B50-D8CA-4C91-94DC-115A3399C194}.AppStore|iPhoneSimulator.Deploy.0 = Release|Any CPU
		{F79D1B50-D8CA-4C91-94DC-115A3399C194}.Debug|Any CPU.ActiveCfg = Debug|Any CPU
		{F79D1B50-D8CA-4C91-94DC-115A3399C194}.Debug|Any CPU.Build.0 = Debug|Any CPU
		{F79D1B50-D8CA-4C91-94DC-115A3399C194}.Debug|Any CPU.Deploy.0 = Debug|Any CPU
		{F79D1B50-D8CA-4C91-94DC-115A3399C194}.Debug|iPhone.ActiveCfg = Debug|Any CPU
		{F79D1B50-D8CA-4C91-94DC-115A3399C194}.Debug|iPhone.Build.0 = Debug|Any CPU
		{F79D1B50-D8CA-4C91-94DC-115A3399C194}.Debug|iPhone.Deploy.0 = Debug|Any CPU
		{F79D1B50-D8CA-4C91-94DC-115A3399C194}.Debug|iPhoneSimulator.ActiveCfg = Debug|Any CPU
		{F79D1B50-D8CA-4C91-94DC-115A3399C194}.Debug|iPhoneSimulator.Build.0 = Debug|Any CPU
		{F79D1B50-D8CA-4C91-94DC-115A3399C194}.Debug|iPhoneSimulator.Deploy.0 = Debug|Any CPU
		{F79D1B50-D8CA-4C91-94DC-115A3399C194}.Release|Any CPU.ActiveCfg = Release|Any CPU
		{F79D1B50-D8CA-4C91-94DC-115A3399C194}.Release|Any CPU.Build.0 = Release|Any CPU
		{F79D1B50-D8CA-4C91-94DC-115A3399C194}.Release|Any CPU.Deploy.0 = Release|Any CPU
		{F79D1B50-D8CA-4C91-94DC-115A3399C194}.Release|iPhone.ActiveCfg = Release|Any CPU
		{F79D1B50-D8CA-4C91-94DC-115A3399C194}.Release|iPhone.Build.0 = Release|Any CPU
		{F79D1B50-D8CA-4C91-94DC-115A3399C194}.Release|iPhone.Deploy.0 = Release|Any CPU
		{F79D1B50-D8CA-4C91-94DC-115A3399C194}.Release|iPhoneSimulator.ActiveCfg = Release|Any CPU
		{F79D1B50-D8CA-4C91-94DC-115A3399C194}.Release|iPhoneSimulator.Build.0 = Release|Any CPU
		{F79D1B50-D8CA-4C91-94DC-115A3399C194}.Release|iPhoneSimulator.Deploy.0 = Release|Any CPU
		{29D7F4E6-D9C1-4E66-AF0C-4392B2F6C63D}.Ad-Hoc|Any CPU.ActiveCfg = Release|Any CPU
		{29D7F4E6-D9C1-4E66-AF0C-4392B2F6C63D}.Ad-Hoc|Any CPU.Build.0 = Release|Any CPU
		{29D7F4E6-D9C1-4E66-AF0C-4392B2F6C63D}.Ad-Hoc|iPhone.ActiveCfg = Release|Any CPU
		{29D7F4E6-D9C1-4E66-AF0C-4392B2F6C63D}.Ad-Hoc|iPhone.Build.0 = Release|Any CPU
		{29D7F4E6-D9C1-4E66-AF0C-4392B2F6C63D}.Ad-Hoc|iPhoneSimulator.ActiveCfg = Release|Any CPU
		{29D7F4E6-D9C1-4E66-AF0C-4392B2F6C63D}.Ad-Hoc|iPhoneSimulator.Build.0 = Release|Any CPU
		{29D7F4E6-D9C1-4E66-AF0C-4392B2F6C63D}.AppStore|Any CPU.ActiveCfg = Release|Any CPU
		{29D7F4E6-D9C1-4E66-AF0C-4392B2F6C63D}.AppStore|Any CPU.Build.0 = Release|Any CPU
		{29D7F4E6-D9C1-4E66-AF0C-4392B2F6C63D}.AppStore|iPhone.ActiveCfg = Release|Any CPU
		{29D7F4E6-D9C1-4E66-AF0C-4392B2F6C63D}.AppStore|iPhone.Build.0 = Release|Any CPU
		{29D7F4E6-D9C1-4E66-AF0C-4392B2F6C63D}.AppStore|iPhoneSimulator.ActiveCfg = Release|Any CPU
		{29D7F4E6-D9C1-4E66-AF0C-4392B2F6C63D}.AppStore|iPhoneSimulator.Build.0 = Release|Any CPU
		{29D7F4E6-D9C1-4E66-AF0C-4392B2F6C63D}.Debug|Any CPU.ActiveCfg = Debug|Any CPU
		{29D7F4E6-D9C1-4E66-AF0C-4392B2F6C63D}.Debug|Any CPU.Build.0 = Debug|Any CPU
		{29D7F4E6-D9C1-4E66-AF0C-4392B2F6C63D}.Debug|iPhone.ActiveCfg = Debug|Any CPU
		{29D7F4E6-D9C1-4E66-AF0C-4392B2F6C63D}.Debug|iPhone.Build.0 = Debug|Any CPU
		{29D7F4E6-D9C1-4E66-AF0C-4392B2F6C63D}.Debug|iPhoneSimulator.ActiveCfg = Debug|Any CPU
		{29D7F4E6-D9C1-4E66-AF0C-4392B2F6C63D}.Debug|iPhoneSimulator.Build.0 = Debug|Any CPU
		{29D7F4E6-D9C1-4E66-AF0C-4392B2F6C63D}.Release|Any CPU.ActiveCfg = Release|Any CPU
		{29D7F4E6-D9C1-4E66-AF0C-4392B2F6C63D}.Release|Any CPU.Build.0 = Release|Any CPU
		{29D7F4E6-D9C1-4E66-AF0C-4392B2F6C63D}.Release|iPhone.ActiveCfg = Release|Any CPU
		{29D7F4E6-D9C1-4E66-AF0C-4392B2F6C63D}.Release|iPhone.Build.0 = Release|Any CPU
		{29D7F4E6-D9C1-4E66-AF0C-4392B2F6C63D}.Release|iPhoneSimulator.ActiveCfg = Release|Any CPU
		{29D7F4E6-D9C1-4E66-AF0C-4392B2F6C63D}.Release|iPhoneSimulator.Build.0 = Release|Any CPU
		{A8FCC5A6-3E0A-4B3B-8342-5F2B200D55E6}.Ad-Hoc|Any CPU.ActiveCfg = Release|Any CPU
		{A8FCC5A6-3E0A-4B3B-8342-5F2B200D55E6}.Ad-Hoc|Any CPU.Build.0 = Release|Any CPU
		{A8FCC5A6-3E0A-4B3B-8342-5F2B200D55E6}.Ad-Hoc|iPhone.ActiveCfg = Release|Any CPU
		{A8FCC5A6-3E0A-4B3B-8342-5F2B200D55E6}.Ad-Hoc|iPhone.Build.0 = Release|Any CPU
		{A8FCC5A6-3E0A-4B3B-8342-5F2B200D55E6}.Ad-Hoc|iPhoneSimulator.ActiveCfg = Release|Any CPU
		{A8FCC5A6-3E0A-4B3B-8342-5F2B200D55E6}.Ad-Hoc|iPhoneSimulator.Build.0 = Release|Any CPU
		{A8FCC5A6-3E0A-4B3B-8342-5F2B200D55E6}.AppStore|Any CPU.ActiveCfg = Release|Any CPU
		{A8FCC5A6-3E0A-4B3B-8342-5F2B200D55E6}.AppStore|Any CPU.Build.0 = Release|Any CPU
		{A8FCC5A6-3E0A-4B3B-8342-5F2B200D55E6}.AppStore|iPhone.ActiveCfg = Release|Any CPU
		{A8FCC5A6-3E0A-4B3B-8342-5F2B200D55E6}.AppStore|iPhone.Build.0 = Release|Any CPU
		{A8FCC5A6-3E0A-4B3B-8342-5F2B200D55E6}.AppStore|iPhoneSimulator.ActiveCfg = Release|Any CPU
		{A8FCC5A6-3E0A-4B3B-8342-5F2B200D55E6}.AppStore|iPhoneSimulator.Build.0 = Release|Any CPU
		{A8FCC5A6-3E0A-4B3B-8342-5F2B200D55E6}.Debug|Any CPU.ActiveCfg = Debug|Any CPU
		{A8FCC5A6-3E0A-4B3B-8342-5F2B200D55E6}.Debug|Any CPU.Build.0 = Debug|Any CPU
		{A8FCC5A6-3E0A-4B3B-8342-5F2B200D55E6}.Debug|iPhone.ActiveCfg = Debug|Any CPU
		{A8FCC5A6-3E0A-4B3B-8342-5F2B200D55E6}.Debug|iPhone.Build.0 = Debug|Any CPU
		{A8FCC5A6-3E0A-4B3B-8342-5F2B200D55E6}.Debug|iPhoneSimulator.ActiveCfg = Debug|Any CPU
		{A8FCC5A6-3E0A-4B3B-8342-5F2B200D55E6}.Debug|iPhoneSimulator.Build.0 = Debug|Any CPU
		{A8FCC5A6-3E0A-4B3B-8342-5F2B200D55E6}.Release|Any CPU.ActiveCfg = Release|Any CPU
		{A8FCC5A6-3E0A-4B3B-8342-5F2B200D55E6}.Release|Any CPU.Build.0 = Release|Any CPU
		{A8FCC5A6-3E0A-4B3B-8342-5F2B200D55E6}.Release|iPhone.ActiveCfg = Release|Any CPU
		{A8FCC5A6-3E0A-4B3B-8342-5F2B200D55E6}.Release|iPhone.Build.0 = Release|Any CPU
		{A8FCC5A6-3E0A-4B3B-8342-5F2B200D55E6}.Release|iPhoneSimulator.ActiveCfg = Release|Any CPU
		{A8FCC5A6-3E0A-4B3B-8342-5F2B200D55E6}.Release|iPhoneSimulator.Build.0 = Release|Any CPU
	EndGlobalSection
	GlobalSection(SolutionProperties) = preSolution
		HideSolutionNode = FALSE
	EndGlobalSection
	GlobalSection(NestedProjects) = preSolution
		{6CCEADAF-3A8D-4BDA-B948-FFA56F1346CE} = {45BAF58D-B7E9-4061-8F69-07BF19BF60C7}
		{835287F1-15DF-449A-ACCD-1C927CBC0637} = {45BAF58D-B7E9-4061-8F69-07BF19BF60C7}
		{F79D1B50-D8CA-4C91-94DC-115A3399C194} = {45BAF58D-B7E9-4061-8F69-07BF19BF60C7}
		{A8FCC5A6-3E0A-4B3B-8342-5F2B200D55E6} = {45BAF58D-B7E9-4061-8F69-07BF19BF60C7}
	EndGlobalSection
EndGlobal
